// !$*UTF8*$!
{
	archiveVersion = 1;
	classes = {
	};
	objectVersion = 50;
	objects = {

/* Begin PBXBuildFile section */
		84251E81249EF9A8008DBF38 /* SceneDelegate.swift in Sources */ = {isa = PBXBuildFile; fileRef = 84251E80249EF9A8008DBF38 /* SceneDelegate.swift */; };
		84251E83249EF9A8008DBF38 /* ViewController.swift in Sources */ = {isa = PBXBuildFile; fileRef = 84251E82249EF9A8008DBF38 /* ViewController.swift */; };
		84251E86249EF9A8008DBF38 /* Main.storyboard in Resources */ = {isa = PBXBuildFile; fileRef = 84251E84249EF9A8008DBF38 /* Main.storyboard */; };
		84251E88249EF9A9008DBF38 /* Assets.xcassets in Resources */ = {isa = PBXBuildFile; fileRef = 84251E87249EF9A9008DBF38 /* Assets.xcassets */; };
		84251E8B249EF9A9008DBF38 /* LaunchScreen.storyboard in Resources */ = {isa = PBXBuildFile; fileRef = 84251E89249EF9A9008DBF38 /* LaunchScreen.storyboard */; };
		84AEA877249F2FDD005F0449 /* DummyItem.swift in Sources */ = {isa = PBXBuildFile; fileRef = 84AEA876249F2FDD005F0449 /* DummyItem.swift */; };
		84AEA879249F2FEB005F0449 /* Item.swift in Sources */ = {isa = PBXBuildFile; fileRef = 84AEA878249F2FEB005F0449 /* Item.swift */; };
		84AEA87C249F3863005F0449 /* ItemTableViewCell.swift in Sources */ = {isa = PBXBuildFile; fileRef = 84AEA87A249F3863005F0449 /* ItemTableViewCell.swift */; };
		84AEA87D249F3863005F0449 /* ItemTableViewCell.xib in Resources */ = {isa = PBXBuildFile; fileRef = 84AEA87B249F3863005F0449 /* ItemTableViewCell.xib */; };
		84AEA87E249F3AB4005F0449 /* AppDelegate.swift in Sources */ = {isa = PBXBuildFile; fileRef = 84251E7E249EF9A8008DBF38 /* AppDelegate.swift */; };
		84AEA885249F4FE9005F0449 /* DetailViewController.swift in Sources */ = {isa = PBXBuildFile; fileRef = 84AEA883249F4FE9005F0449 /* DetailViewController.swift */; };
		84AEA886249F4FE9005F0449 /* DetailViewController.xib in Resources */ = {isa = PBXBuildFile; fileRef = 84AEA884249F4FE9005F0449 /* DetailViewController.xib */; };
		84AEA888249F636D005F0449 /* ProfileController.swift in Sources */ = {isa = PBXBuildFile; fileRef = 84AEA887249F636D005F0449 /* ProfileController.swift */; };
/* End PBXBuildFile section */

/* Begin PBXFileReference section */
		84251E7B249EF9A8008DBF38 /* artsy me up cms.app */ = {isa = PBXFileReference; explicitFileType = wrapper.application; includeInIndex = 0; path = "artsy me up cms.app"; sourceTree = BUILT_PRODUCTS_DIR; };
		84251E7E249EF9A8008DBF38 /* AppDelegate.swift */ = {isa = PBXFileReference; lastKnownFileType = sourcecode.swift; path = AppDelegate.swift; sourceTree = "<group>"; };
		84251E80249EF9A8008DBF38 /* SceneDelegate.swift */ = {isa = PBXFileReference; lastKnownFileType = sourcecode.swift; path = SceneDelegate.swift; sourceTree = "<group>"; };
		84251E82249EF9A8008DBF38 /* ViewController.swift */ = {isa = PBXFileReference; lastKnownFileType = sourcecode.swift; path = ViewController.swift; sourceTree = "<group>"; };
		84251E85249EF9A8008DBF38 /* Base */ = {isa = PBXFileReference; lastKnownFileType = file.storyboard; name = Base; path = Base.lproj/Main.storyboard; sourceTree = "<group>"; };
		84251E87249EF9A9008DBF38 /* Assets.xcassets */ = {isa = PBXFileReference; lastKnownFileType = folder.assetcatalog; path = Assets.xcassets; sourceTree = "<group>"; };
		84251E8A249EF9A9008DBF38 /* Base */ = {isa = PBXFileReference; lastKnownFileType = file.storyboard; name = Base; path = Base.lproj/LaunchScreen.storyboard; sourceTree = "<group>"; };
		84251E8C249EF9A9008DBF38 /* Info.plist */ = {isa = PBXFileReference; lastKnownFileType = text.plist.xml; path = Info.plist; sourceTree = "<group>"; };
		84AEA876249F2FDD005F0449 /* DummyItem.swift */ = {isa = PBXFileReference; lastKnownFileType = sourcecode.swift; path = DummyItem.swift; sourceTree = "<group>"; };
		84AEA878249F2FEB005F0449 /* Item.swift */ = {isa = PBXFileReference; lastKnownFileType = sourcecode.swift; path = Item.swift; sourceTree = "<group>"; };
		84AEA87A249F3863005F0449 /* ItemTableViewCell.swift */ = {isa = PBXFileReference; lastKnownFileType = sourcecode.swift; path = ItemTableViewCell.swift; sourceTree = "<group>"; };
		84AEA87B249F3863005F0449 /* ItemTableViewCell.xib */ = {isa = PBXFileReference; lastKnownFileType = file.xib; path = ItemTableViewCell.xib; sourceTree = "<group>"; };
		84AEA883249F4FE9005F0449 /* DetailViewController.swift */ = {isa = PBXFileReference; lastKnownFileType = sourcecode.swift; path = DetailViewController.swift; sourceTree = "<group>"; };
		84AEA884249F4FE9005F0449 /* DetailViewController.xib */ = {isa = PBXFileReference; lastKnownFileType = file.xib; path = DetailViewController.xib; sourceTree = "<group>"; };
		84AEA887249F636D005F0449 /* ProfileController.swift */ = {isa = PBXFileReference; lastKnownFileType = sourcecode.swift; path = ProfileController.swift; sourceTree = "<group>"; };
/* End PBXFileReference section */

/* Begin PBXFrameworksBuildPhase section */
		84251E78249EF9A8008DBF38 /* Frameworks */ = {
			isa = PBXFrameworksBuildPhase;
			buildActionMask = 2147483647;
			files = (
			);
			runOnlyForDeploymentPostprocessing = 0;
		};
/* End PBXFrameworksBuildPhase section */

/* Begin PBXGroup section */
		84251E72249EF9A8008DBF38 = {
			isa = PBXGroup;
			children = (
				84251E7D249EF9A8008DBF38 /* artsy me up cms */,
				84251E7C249EF9A8008DBF38 /* Products */,
			);
			sourceTree = "<group>";
		};
		84251E7C249EF9A8008DBF38 /* Products */ = {
			isa = PBXGroup;
			children = (
				84251E7B249EF9A8008DBF38 /* artsy me up cms.app */,
			);
			name = Products;
			sourceTree = "<group>";
		};
		84251E7D249EF9A8008DBF38 /* artsy me up cms */ = {
			isa = PBXGroup;
			children = (
				84AEA875249F2F9F005F0449 /* Base */,
				84AEA874249F2F7D005F0449 /* View */,
				84AEA873249F2F4C005F0449 /* Controller */,
				84AEA872249F2F31005F0449 /* Model */,
				84251E87249EF9A9008DBF38 /* Assets.xcassets */,
				84251E8C249EF9A9008DBF38 /* Info.plist */,
			);
			path = "artsy me up cms";
			sourceTree = "<group>";
		};
		84AEA872249F2F31005F0449 /* Model */ = {
			isa = PBXGroup;
			children = (
				84AEA876249F2FDD005F0449 /* DummyItem.swift */,
				84AEA878249F2FEB005F0449 /* Item.swift */,
			);
			path = Model;
			sourceTree = "<group>";
		};
		84AEA873249F2F4C005F0449 /* Controller */ = {
			isa = PBXGroup;
			children = (
				84251E82249EF9A8008DBF38 /* ViewController.swift */,
				84AEA883249F4FE9005F0449 /* DetailViewController.swift */,
				84AEA87A249F3863005F0449 /* ItemTableViewCell.swift */,
				84AEA887249F636D005F0449 /* ProfileController.swift */,
			);
			path = Controller;
			sourceTree = "<group>";
		};
		84AEA874249F2F7D005F0449 /* View */ = {
			isa = PBXGroup;
			children = (
				84251E84249EF9A8008DBF38 /* Main.storyboard */,
				84251E89249EF9A9008DBF38 /* LaunchScreen.storyboard */,
				84AEA87B249F3863005F0449 /* ItemTableViewCell.xib */,
				84AEA884249F4FE9005F0449 /* DetailViewController.xib */,
			);
			path = View;
			sourceTree = "<group>";
		};
		84AEA875249F2F9F005F0449 /* Base */ = {
			isa = PBXGroup;
			children = (
				84251E7E249EF9A8008DBF38 /* AppDelegate.swift */,
				84251E80249EF9A8008DBF38 /* SceneDelegate.swift */,
			);
			path = Base;
			sourceTree = "<group>";
		};
/* End PBXGroup section */

/* Begin PBXNativeTarget section */
		84251E7A249EF9A8008DBF38 /* artsy me up cms */ = {
			isa = PBXNativeTarget;
			buildConfigurationList = 84251E8F249EF9A9008DBF38 /* Build configuration list for PBXNativeTarget "artsy me up cms" */;
			buildPhases = (
				84251E77249EF9A8008DBF38 /* Sources */,
				84251E78249EF9A8008DBF38 /* Frameworks */,
				84251E79249EF9A8008DBF38 /* Resources */,
			);
			buildRules = (
			);
			dependencies = (
			);
			name = "artsy me up cms";
			productName = "artsy me up cms";
			productReference = 84251E7B249EF9A8008DBF38 /* artsy me up cms.app */;
			productType = "com.apple.product-type.application";
		};
/* End PBXNativeTarget section */

/* Begin PBXProject section */
		84251E73249EF9A8008DBF38 /* Project object */ = {
			isa = PBXProject;
			attributes = {
				LastSwiftUpdateCheck = 1150;
				LastUpgradeCheck = 1150;
				TargetAttributes = {
					84251E7A249EF9A8008DBF38 = {
						CreatedOnToolsVersion = 11.5;
					};
				};
			};
			buildConfigurationList = 84251E76249EF9A8008DBF38 /* Build configuration list for PBXProject "artsy me up cms" */;
			compatibilityVersion = "Xcode 9.3";
			developmentRegion = en;
			hasScannedForEncodings = 0;
			knownRegions = (
				en,
				Base,
			);
			mainGroup = 84251E72249EF9A8008DBF38;
			productRefGroup = 84251E7C249EF9A8008DBF38 /* Products */;
			projectDirPath = "";
			projectRoot = "";
			targets = (
				84251E7A249EF9A8008DBF38 /* artsy me up cms */,
			);
		};
/* End PBXProject section */

/* Begin PBXResourcesBuildPhase section */
		84251E79249EF9A8008DBF38 /* Resources */ = {
			isa = PBXResourcesBuildPhase;
			buildActionMask = 2147483647;
			files = (
				84AEA87D249F3863005F0449 /* ItemTableViewCell.xib in Resources */,
				84251E8B249EF9A9008DBF38 /* LaunchScreen.storyboard in Resources */,
				84AEA886249F4FE9005F0449 /* DetailViewController.xib in Resources */,
				84251E88249EF9A9008DBF38 /* Assets.xcassets in Resources */,
				84251E86249EF9A8008DBF38 /* Main.storyboard in Resources */,
			);
			runOnlyForDeploymentPostprocessing = 0;
		};
/* End PBXResourcesBuildPhase section */

/* Begin PBXSourcesBuildPhase section */
		84251E77249EF9A8008DBF38 /* Sources */ = {
			isa = PBXSourcesBuildPhase;
			buildActionMask = 2147483647;
			files = (
				84AEA885249F4FE9005F0449 /* DetailViewController.swift in Sources */,
				84AEA87E249F3AB4005F0449 /* AppDelegate.swift in Sources */,
				84AEA877249F2FDD005F0449 /* DummyItem.swift in Sources */,
				84251E83249EF9A8008DBF38 /* ViewController.swift in Sources */,
				84AEA87C249F3863005F0449 /* ItemTableViewCell.swift in Sources */,
				84AEA879249F2FEB005F0449 /* Item.swift in Sources */,
				84251E81249EF9A8008DBF38 /* SceneDelegate.swift in Sources */,
				84AEA888249F636D005F0449 /* ProfileController.swift in Sources */,
			);
			runOnlyForDeploymentPostprocessing = 0;
		};
/* End PBXSourcesBuildPhase section */

/* Begin PBXVariantGroup section */
		84251E84249EF9A8008DBF38 /* Main.storyboard */ = {
			isa = PBXVariantGroup;
			children = (
				84251E85249EF9A8008DBF38 /* Base */,
			);
			name = Main.storyboard;
			sourceTree = "<group>";
		};
		84251E89249EF9A9008DBF38 /* LaunchScreen.storyboard */ = {
			isa = PBXVariantGroup;
			children = (
				84251E8A249EF9A9008DBF38 /* Base */,
			);
			name = LaunchScreen.storyboard;
			sourceTree = "<group>";
		};
/* End PBXVariantGroup section */

/* Begin XCBuildConfiguration section */
		84251E8D249EF9A9008DBF38 /* Debug */ = {
			isa = XCBuildConfiguration;
			buildSettings = {
				ALWAYS_SEARCH_USER_PATHS = NO;
				CLANG_ANALYZER_NONNULL = YES;
				CLANG_ANALYZER_NUMBER_OBJECT_CONVERSION = YES_AGGRESSIVE;
				CLANG_CXX_LANGUAGE_STANDARD = "gnu++14";
				CLANG_CXX_LIBRARY = "libc++";
				CLANG_ENABLE_MODULES = YES;
				CLANG_ENABLE_OBJC_ARC = YES;
				CLANG_ENABLE_OBJC_WEAK = YES;
				CLANG_WARN_BLOCK_CAPTURE_AUTORELEASING = YES;
				CLANG_WARN_BOOL_CONVERSION = YES;
				CLANG_WARN_COMMA = YES;
				CLANG_WARN_CONSTANT_CONVERSION = YES;
				CLANG_WARN_DEPRECATED_OBJC_IMPLEMENTATIONS = YES;
				CLANG_WARN_DIRECT_OBJC_ISA_USAGE = YES_ERROR;
				CLANG_WARN_DOCUMENTATION_COMMENTS = YES;
				CLANG_WARN_EMPTY_BODY = YES;
				CLANG_WARN_ENUM_CONVERSION = YES;
				CLANG_WARN_INFINITE_RECURSION = YES;
				CLANG_WARN_INT_CONVERSION = YES;
				CLANG_WARN_NON_LITERAL_NULL_CONVERSION = YES;
				CLANG_WARN_OBJC_IMPLICIT_RETAIN_SELF = YES;
				CLANG_WARN_OBJC_LITERAL_CONVERSION = YES;
				CLANG_WARN_OBJC_ROOT_CLASS = YES_ERROR;
				CLANG_WARN_RANGE_LOOP_ANALYSIS = YES;
				CLANG_WARN_STRICT_PROTOTYPES = YES;
				CLANG_WARN_SUSPICIOUS_MOVE = YES;
				CLANG_WARN_UNGUARDED_AVAILABILITY = YES_AGGRESSIVE;
				CLANG_WARN_UNREACHABLE_CODE = YES;
				CLANG_WARN__DUPLICATE_METHOD_MATCH = YES;
				COPY_PHASE_STRIP = NO;
				DEBUG_INFORMATION_FORMAT = dwarf;
				ENABLE_STRICT_OBJC_MSGSEND = YES;
				ENABLE_TESTABILITY = YES;
				GCC_C_LANGUAGE_STANDARD = gnu11;
				GCC_DYNAMIC_NO_PIC = NO;
				GCC_NO_COMMON_BLOCKS = YES;
				GCC_OPTIMIZATION_LEVEL = 0;
				GCC_PREPROCESSOR_DEFINITIONS = (
					"DEBUG=1",
					"$(inherited)",
				);
				GCC_WARN_64_TO_32_BIT_CONVERSION = YES;
				GCC_WARN_ABOUT_RETURN_TYPE = YES_ERROR;
				GCC_WARN_UNDECLARED_SELECTOR = YES;
				GCC_WARN_UNINITIALIZED_AUTOS = YES_AGGRESSIVE;
				GCC_WARN_UNUSED_FUNCTION = YES;
				GCC_WARN_UNUSED_VARIABLE = YES;
				IPHONEOS_DEPLOYMENT_TARGET = 13.0;
				MTL_ENABLE_DEBUG_INFO = INCLUDE_SOURCE;
				MTL_FAST_MATH = YES;
				ONLY_ACTIVE_ARCH = YES;
				SDKROOT = iphoneos;
				SWIFT_ACTIVE_COMPILATION_CONDITIONS = DEBUG;
				SWIFT_OPTIMIZATION_LEVEL = "-Onone";
			};
			name = Debug;
		};
		84251E8E249EF9A9008DBF38 /* Release */ = {
			isa = XCBuildConfiguration;
			buildSettings = {
				ALWAYS_SEARCH_USER_PATHS = NO;
				CLANG_ANALYZER_NONNULL = YES;
				CLANG_ANALYZER_NUMBER_OBJECT_CONVERSION = YES_AGGRESSIVE;
				CLANG_CXX_LANGUAGE_STANDARD = "gnu++14";
				CLANG_CXX_LIBRARY = "libc++";
				CLANG_ENABLE_MODULES = YES;
				CLANG_ENABLE_OBJC_ARC = YES;
				CLANG_ENABLE_OBJC_WEAK = YES;
				CLANG_WARN_BLOCK_CAPTURE_AUTORELEASING = YES;
				CLANG_WARN_BOOL_CONVERSION = YES;
				CLANG_WARN_COMMA = YES;
				CLANG_WARN_CONSTANT_CONVERSION = YES;
				CLANG_WARN_DEPRECATED_OBJC_IMPLEMENTATIONS = YES;
				CLANG_WARN_DIRECT_OBJC_ISA_USAGE = YES_ERROR;
				CLANG_WARN_DOCUMENTATION_COMMENTS = YES;
				CLANG_WARN_EMPTY_BODY = YES;
				CLANG_WARN_ENUM_CONVERSION = YES;
				CLANG_WARN_INFINITE_RECURSION = YES;
				CLANG_WARN_INT_CONVERSION = YES;
				CLANG_WARN_NON_LITERAL_NULL_CONVERSION = YES;
				CLANG_WARN_OBJC_IMPLICIT_RETAIN_SELF = YES;
				CLANG_WARN_OBJC_LITERAL_CONVERSION = YES;
				CLANG_WARN_OBJC_ROOT_CLASS = YES_ERROR;
				CLANG_WARN_RANGE_LOOP_ANALYSIS = YES;
				CLANG_WARN_STRICT_PROTOTYPES = YES;
				CLANG_WARN_SUSPICIOUS_MOVE = YES;
				CLANG_WARN_UNGUARDED_AVAILABILITY = YES_AGGRESSIVE;
				CLANG_WARN_UNREACHABLE_CODE = YES;
				CLANG_WARN__DUPLICATE_METHOD_MATCH = YES;
				COPY_PHASE_STRIP = NO;
				DEBUG_INFORMATION_FORMAT = "dwarf-with-dsym";
				ENABLE_NS_ASSERTIONS = NO;
				ENABLE_STRICT_OBJC_MSGSEND = YES;
				GCC_C_LANGUAGE_STANDARD = gnu11;
				GCC_NO_COMMON_BLOCKS = YES;
				GCC_WARN_64_TO_32_BIT_CONVERSION = YES;
				GCC_WARN_ABOUT_RETURN_TYPE = YES_ERROR;
				GCC_WARN_UNDECLARED_SELECTOR = YES;
				GCC_WARN_UNINITIALIZED_AUTOS = YES_AGGRESSIVE;
				GCC_WARN_UNUSED_FUNCTION = YES;
				GCC_WARN_UNUSED_VARIABLE = YES;
				IPHONEOS_DEPLOYMENT_TARGET = 13.0;
				MTL_ENABLE_DEBUG_INFO = NO;
				MTL_FAST_MATH = YES;
				SDKROOT = iphoneos;
				SWIFT_COMPILATION_MODE = wholemodule;
				SWIFT_OPTIMIZATION_LEVEL = "-O";
				VALIDATE_PRODUCT = YES;
			};
			name = Release;
		};
		84251E90249EF9A9008DBF38 /* Debug */ = {
			isa = XCBuildConfiguration;
			buildSettings = {
				ASSETCATALOG_COMPILER_APPICON_NAME = AppIcon;
				CODE_SIGN_STYLE = Automatic;
				DEVELOPMENT_TEAM = NRJ3V9PSRN;
				INFOPLIST_FILE = "artsy me up cms/Info.plist";
				LD_RUNPATH_SEARCH_PATHS = (
					"$(inherited)",
					"@executable_path/Frameworks",
				);
				PRODUCT_BUNDLE_IDENTIFIER = "com.rulislim.artsy-me-up-cms";
				PRODUCT_NAME = "$(TARGET_NAME)";
				SWIFT_VERSION = 5.0;
				TARGETED_DEVICE_FAMILY = "1,2";
			};
			name = Debug;
		};
		84251E91249EF9A9008DBF38 /* Release */ = {
			isa = XCBuildConfiguration;
			buildSettings = {
				ASSETCATALOG_COMPILER_APPICON_NAME = AppIcon;
				CODE_SIGN_STYLE = Automatic;
				DEVELOPMENT_TEAM = NRJ3V9PSRN;
				INFOPLIST_FILE = "artsy me up cms/Info.plist";
				LD_RUNPATH_SEARCH_PATHS = (
					"$(inherited)",
					"@executable_path/Frameworks",
				);
				PRODUCT_BUNDLE_IDENTIFIER = "com.rulislim.artsy-me-up-cms";
				PRODUCT_NAME = "$(TARGET_NAME)";
				SWIFT_VERSION = 5.0;
				TARGETED_DEVICE_FAMILY = "1,2";
			};
			name = Release;
		};
/* End XCBuildConfiguration section */

/* Begin XCConfigurationList section */
		84251E76249EF9A8008DBF38 /* Build configuration list for PBXProject "artsy me up cms" */ = {
			isa = XCConfigurationList;
			buildConfigurations = (
				84251E8D249EF9A9008DBF38 /* Debug */,
				84251E8E249EF9A9008DBF38 /* Release */,
			);
			defaultConfigurationIsVisible = 0;
			defaultConfigurationName = Release;
		};
		84251E8F249EF9A9008DBF38 /* Build configuration list for PBXNativeTarget "artsy me up cms" */ = {
			isa = XCConfigurationList;
			buildConfigurations = (
				84251E90249EF9A9008DBF38 /* Debug */,
				84251E91249EF9A9008DBF38 /* Release */,
			);
			defaultConfigurationIsVisible = 0;
			defaultConfigurationName = Release;
		};
/* End XCConfigurationList section */
	};
	rootObject = 84251E73249EF9A8008DBF38 /* Project object */;
}
